// !$*UTF8*$!
{
	archiveVersion = 1;
	classes = {
	};
	objectVersion = 55;
	objects = {

/* Begin PBXBuildFile section */
		5A863A4E28AD9D2F000E886D /* violenceHome.swift in Sources */ = {isa = PBXBuildFile; fileRef = 5A863A4D28AD9D2F000E886D /* violenceHome.swift */; };
		5A863A5028ADC828000E886D /* Assets.xcassets in Resources */ = {isa = PBXBuildFile; fileRef = 5A863A4F28ADC828000E886D /* Assets.xcassets */; };
		B108B7D328AC16F700089690 /* AppDelegate.swift in Sources */ = {isa = PBXBuildFile; fileRef = B108B7D228AC16F700089690 /* AppDelegate.swift */; };
		B108B7D528AC16F700089690 /* SceneDelegate.swift in Sources */ = {isa = PBXBuildFile; fileRef = B108B7D428AC16F700089690 /* SceneDelegate.swift */; };
		B108B7D728AC16F700089690 /* ViewController.swift in Sources */ = {isa = PBXBuildFile; fileRef = B108B7D628AC16F700089690 /* ViewController.swift */; };
		B108B7DA28AC16F700089690 /* Main.storyboard in Resources */ = {isa = PBXBuildFile; fileRef = B108B7D828AC16F700089690 /* Main.storyboard */; };
		B108B7DD28AC16F700089690 /* E3_Final_Project___2ND_Body.xcdatamodeld in Sources */ = {isa = PBXBuildFile; fileRef = B108B7DB28AC16F700089690 /* E3_Final_Project___2ND_Body.xcdatamodeld */; };
		B108B7E228AC16F900089690 /* LaunchScreen.storyboard in Resources */ = {isa = PBXBuildFile; fileRef = B108B7E028AC16F900089690 /* LaunchScreen.storyboard */; };
		B108B7EA28AE88E400089690 /* ReproductiveHealthViewController.swift in Sources */ = {isa = PBXBuildFile; fileRef = B108B7E928AE88E400089690 /* ReproductiveHealthViewController.swift */; };
/* End PBXBuildFile section */

/* Begin PBXFileReference section */
		5A863A4D28AD9D2F000E886D /* violenceHome.swift */ = {isa = PBXFileReference; lastKnownFileType = sourcecode.swift; path = violenceHome.swift; sourceTree = "<group>"; };
		5A863A4F28ADC828000E886D /* Assets.xcassets */ = {isa = PBXFileReference; lastKnownFileType = folder.assetcatalog; path = Assets.xcassets; sourceTree = "<group>"; };
		B108B7CF28AC16F700089690 /* E3 Final Project - 2ND Body.app */ = {isa = PBXFileReference; explicitFileType = wrapper.application; includeInIndex = 0; path = "E3 Final Project - 2ND Body.app"; sourceTree = BUILT_PRODUCTS_DIR; };
		B108B7D228AC16F700089690 /* AppDelegate.swift */ = {isa = PBXFileReference; lastKnownFileType = sourcecode.swift; path = AppDelegate.swift; sourceTree = "<group>"; };
		B108B7D428AC16F700089690 /* SceneDelegate.swift */ = {isa = PBXFileReference; lastKnownFileType = sourcecode.swift; path = SceneDelegate.swift; sourceTree = "<group>"; };
		B108B7D628AC16F700089690 /* ViewController.swift */ = {isa = PBXFileReference; lastKnownFileType = sourcecode.swift; path = ViewController.swift; sourceTree = "<group>"; };
		B108B7D928AC16F700089690 /* Base */ = {isa = PBXFileReference; lastKnownFileType = file.storyboard; name = Base; path = Base.lproj/Main.storyboard; sourceTree = "<group>"; };
		B108B7DC28AC16F700089690 /* E3_Final_Project___2ND_Body.xcdatamodel */ = {isa = PBXFileReference; lastKnownFileType = wrapper.xcdatamodel; path = "E3_Final_Project___2ND_Body.xcdatamodel"; sourceTree = "<group>"; };
		B108B7E128AC16F900089690 /* Base */ = {isa = PBXFileReference; lastKnownFileType = file.storyboard; name = Base; path = Base.lproj/LaunchScreen.storyboard; sourceTree = "<group>"; };
		B108B7E328AC16F900089690 /* Info.plist */ = {isa = PBXFileReference; lastKnownFileType = text.plist.xml; path = Info.plist; sourceTree = "<group>"; };
		B108B7E928AE88E400089690 /* ReproductiveHealthViewController.swift */ = {isa = PBXFileReference; lastKnownFileType = sourcecode.swift; path = ReproductiveHealthViewController.swift; sourceTree = "<group>"; };
/* End PBXFileReference section */

/* Begin PBXFrameworksBuildPhase section */
		B108B7CC28AC16F700089690 /* Frameworks */ = {
			isa = PBXFrameworksBuildPhase;
			buildActionMask = 2147483647;
			files = (
			);
			runOnlyForDeploymentPostprocessing = 0;
		};
/* End PBXFrameworksBuildPhase section */

/* Begin PBXGroup section */
		B108B7C628AC16F700089690 = {
			isa = PBXGroup;
			children = (
				B108B7D128AC16F700089690 /* E3 Final Project - 2ND Body */,
				B108B7D028AC16F700089690 /* Products */,
			);
			sourceTree = "<group>";
		};
		B108B7D028AC16F700089690 /* Products */ = {
			isa = PBXGroup;
			children = (
				B108B7CF28AC16F700089690 /* E3 Final Project - 2ND Body.app */,
			);
			name = Products;
			sourceTree = "<group>";
		};
		B108B7D128AC16F700089690 /* E3 Final Project - 2ND Body */ = {
			isa = PBXGroup;
			children = (
				B108B7D228AC16F700089690 /* AppDelegate.swift */,
				B108B7D428AC16F700089690 /* SceneDelegate.swift */,
				B108B7D628AC16F700089690 /* ViewController.swift */,
				5A863A4D28AD9D2F000E886D /* violenceHome.swift */,
				B108B7D828AC16F700089690 /* Main.storyboard */,
				B108B7E928AE88E400089690 /* ReproductiveHealthViewController.swift */,
				B108B7E028AC16F900089690 /* LaunchScreen.storyboard */,
				5A863A4F28ADC828000E886D /* Assets.xcassets */,
				B108B7E328AC16F900089690 /* Info.plist */,
				B108B7DB28AC16F700089690 /* E3_Final_Project___2ND_Body.xcdatamodeld */,
			);
			path = "E3 Final Project - 2ND Body";
			sourceTree = "<group>";
		};
/* End PBXGroup section */

/* Begin PBXNativeTarget section */
		B108B7CE28AC16F700089690 /* E3 Final Project - 2ND Body */ = {
			isa = PBXNativeTarget;
			buildConfigurationList = B108B7E628AC16F900089690 /* Build configuration list for PBXNativeTarget "E3 Final Project - 2ND Body" */;
			buildPhases = (
				B108B7CB28AC16F700089690 /* Sources */,
				B108B7CC28AC16F700089690 /* Frameworks */,
				B108B7CD28AC16F700089690 /* Resources */,
			);
			buildRules = (
			);
			dependencies = (
			);
			name = "E3 Final Project - 2ND Body";
			productName = "E3 Final Project - 2ND Body";
			productReference = B108B7CF28AC16F700089690 /* E3 Final Project - 2ND Body.app */;
			productType = "com.apple.product-type.application";
		};
/* End PBXNativeTarget section */

/* Begin PBXProject section */
		B108B7C728AC16F700089690 /* Project object */ = {
			isa = PBXProject;
			attributes = {
				BuildIndependentTargetsInParallel = 1;
				LastSwiftUpdateCheck = 1340;
				LastUpgradeCheck = 1340;
				TargetAttributes = {
					B108B7CE28AC16F700089690 = {
						CreatedOnToolsVersion = 13.4.1;
					};
				};
			};
			buildConfigurationList = B108B7CA28AC16F700089690 /* Build configuration list for PBXProject "E3 Final Project - 2ND Body" */;
			compatibilityVersion = "Xcode 13.0";
			developmentRegion = en;
			hasScannedForEncodings = 0;
			knownRegions = (
				en,
				Base,
			);
			mainGroup = B108B7C628AC16F700089690;
			productRefGroup = B108B7D028AC16F700089690 /* Products */;
			projectDirPath = "";
			projectRoot = "";
			targets = (
				B108B7CE28AC16F700089690 /* E3 Final Project - 2ND Body */,
			);
		};
/* End PBXProject section */

/* Begin PBXResourcesBuildPhase section */
		B108B7CD28AC16F700089690 /* Resources */ = {
			isa = PBXResourcesBuildPhase;
			buildActionMask = 2147483647;
			files = (
				B108B7E228AC16F900089690 /* LaunchScreen.storyboard in Resources */,
				5A863A5028ADC828000E886D /* Assets.xcassets in Resources */,
				B108B7DA28AC16F700089690 /* Main.storyboard in Resources */,
			);
			runOnlyForDeploymentPostprocessing = 0;
		};
/* End PBXResourcesBuildPhase section */

/* Begin PBXSourcesBuildPhase section */
		B108B7CB28AC16F700089690 /* Sources */ = {
			isa = PBXSourcesBuildPhase;
			buildActionMask = 2147483647;
			files = (
				B108B7EA28AE88E400089690 /* ReproductiveHealthViewController.swift in Sources */,
				B108B7D728AC16F700089690 /* ViewController.swift in Sources */,
				5A863A4E28AD9D2F000E886D /* violenceHome.swift in Sources */,
				B108B7DD28AC16F700089690 /* E3_Final_Project___2ND_Body.xcdatamodeld in Sources */,
				B108B7D328AC16F700089690 /* AppDelegate.swift in Sources */,
				B108B7D528AC16F700089690 /* SceneDelegate.swift in Sources */,
			);
			runOnlyForDeploymentPostprocessing = 0;
		};
/* End PBXSourcesBuildPhase section */

/* Begin PBXVariantGroup section */
		B108B7D828AC16F700089690 /* Main.storyboard */ = {
			isa = PBXVariantGroup;
			children = (
				B108B7D928AC16F700089690 /* Base */,
			);
			name = Main.storyboard;
			sourceTree = "<group>";
		};
		B108B7E028AC16F900089690 /* LaunchScreen.storyboard */ = {
			isa = PBXVariantGroup;
			children = (
				B108B7E128AC16F900089690 /* Base */,
			);
			name = LaunchScreen.storyboard;
			sourceTree = "<group>";
		};
/* End PBXVariantGroup section */

/* Begin XCBuildConfiguration section */
		B108B7E428AC16F900089690 /* Debug */ = {
			isa = XCBuildConfiguration;
			buildSettings = {
				ALWAYS_SEARCH_USER_PATHS = NO;
				CLANG_ANALYZER_NONNULL = YES;
				CLANG_ANALYZER_NUMBER_OBJECT_CONVERSION = YES_AGGRESSIVE;
				CLANG_CXX_LANGUAGE_STANDARD = "gnu++17";
				CLANG_ENABLE_MODULES = YES;
				CLANG_ENABLE_OBJC_ARC = YES;
				CLANG_ENABLE_OBJC_WEAK = YES;
				CLANG_WARN_BLOCK_CAPTURE_AUTORELEASING = YES;
				CLANG_WARN_BOOL_CONVERSION = YES;
				CLANG_WARN_COMMA = YES;
				CLANG_WARN_CONSTANT_CONVERSION = YES;
				CLANG_WARN_DEPRECATED_OBJC_IMPLEMENTATIONS = YES;
				CLANG_WARN_DIRECT_OBJC_ISA_USAGE = YES_ERROR;
				CLANG_WARN_DOCUMENTATION_COMMENTS = YES;
				CLANG_WARN_EMPTY_BODY = YES;
				CLANG_WARN_ENUM_CONVERSION = YES;
				CLANG_WARN_INFINITE_RECURSION = YES;
				CLANG_WARN_INT_CONVERSION = YES;
				CLANG_WARN_NON_LITERAL_NULL_CONVERSION = YES;
				CLANG_WARN_OBJC_IMPLICIT_RETAIN_SELF = YES;
				CLANG_WARN_OBJC_LITERAL_CONVERSION = YES;
				CLANG_WARN_OBJC_ROOT_CLASS = YES_ERROR;
				CLANG_WARN_QUOTED_INCLUDE_IN_FRAMEWORK_HEADER = YES;
				CLANG_WARN_RANGE_LOOP_ANALYSIS = YES;
				CLANG_WARN_STRICT_PROTOTYPES = YES;
				CLANG_WARN_SUSPICIOUS_MOVE = YES;
				CLANG_WARN_UNGUARDED_AVAILABILITY = YES_AGGRESSIVE;
				CLANG_WARN_UNREACHABLE_CODE = YES;
				CLANG_WARN__DUPLICATE_METHOD_MATCH = YES;
				COPY_PHASE_STRIP = NO;
				DEBUG_INFORMATION_FORMAT = dwarf;
				ENABLE_STRICT_OBJC_MSGSEND = YES;
				ENABLE_TESTABILITY = YES;
				GCC_C_LANGUAGE_STANDARD = gnu11;
				GCC_DYNAMIC_NO_PIC = NO;
				GCC_NO_COMMON_BLOCKS = YES;
				GCC_OPTIMIZATION_LEVEL = 0;
				GCC_PREPROCESSOR_DEFINITIONS = (
					"DEBUG=1",
					"$(inherited)",
				);
				GCC_WARN_64_TO_32_BIT_CONVERSION = YES;
				GCC_WARN_ABOUT_RETURN_TYPE = YES_ERROR;
				GCC_WARN_UNDECLARED_SELECTOR = YES;
				GCC_WARN_UNINITIALIZED_AUTOS = YES_AGGRESSIVE;
				GCC_WARN_UNUSED_FUNCTION = YES;
				GCC_WARN_UNUSED_VARIABLE = YES;
				IPHONEOS_DEPLOYMENT_TARGET = 15.5;
				MTL_ENABLE_DEBUG_INFO = INCLUDE_SOURCE;
				MTL_FAST_MATH = YES;
				ONLY_ACTIVE_ARCH = YES;
				SDKROOT = iphoneos;
				SWIFT_ACTIVE_COMPILATION_CONDITIONS = DEBUG;
				SWIFT_OPTIMIZATION_LEVEL = "-Onone";
			};
			name = Debug;
		};
		B108B7E528AC16F900089690 /* Release */ = {
			isa = XCBuildConfiguration;
			buildSettings = {
				ALWAYS_SEARCH_USER_PATHS = NO;
				CLANG_ANALYZER_NONNULL = YES;
				CLANG_ANALYZER_NUMBER_OBJECT_CONVERSION = YES_AGGRESSIVE;
				CLANG_CXX_LANGUAGE_STANDARD = "gnu++17";
				CLANG_ENABLE_MODULES = YES;
				CLANG_ENABLE_OBJC_ARC = YES;
				CLANG_ENABLE_OBJC_WEAK = YES;
				CLANG_WARN_BLOCK_CAPTURE_AUTORELEASING = YES;
				CLANG_WARN_BOOL_CONVERSION = YES;
				CLANG_WARN_COMMA = YES;
				CLANG_WARN_CONSTANT_CONVERSION = YES;
				CLANG_WARN_DEPRECATED_OBJC_IMPLEMENTATIONS = YES;
				CLANG_WARN_DIRECT_OBJC_ISA_USAGE = YES_ERROR;
				CLANG_WARN_DOCUMENTATION_COMMENTS = YES;
				CLANG_WARN_EMPTY_BODY = YES;
				CLANG_WARN_ENUM_CONVERSION = YES;
				CLANG_WARN_INFINITE_RECURSION = YES;
				CLANG_WARN_INT_CONVERSION = YES;
				CLANG_WARN_NON_LITERAL_NULL_CONVERSION = YES;
				CLANG_WARN_OBJC_IMPLICIT_RETAIN_SELF = YES;
				CLANG_WARN_OBJC_LITERAL_CONVERSION = YES;
				CLANG_WARN_OBJC_ROOT_CLASS = YES_ERROR;
				CLANG_WARN_QUOTED_INCLUDE_IN_FRAMEWORK_HEADER = YES;
				CLANG_WARN_RANGE_LOOP_ANALYSIS = YES;
				CLANG_WARN_STRICT_PROTOTYPES = YES;
				CLANG_WARN_SUSPICIOUS_MOVE = YES;
				CLANG_WARN_UNGUARDED_AVAILABILITY = YES_AGGRESSIVE;
				CLANG_WARN_UNREACHABLE_CODE = YES;
				CLANG_WARN__DUPLICATE_METHOD_MATCH = YES;
				COPY_PHASE_STRIP = NO;
				DEBUG_INFORMATION_FORMAT = "dwarf-with-dsym";
				ENABLE_NS_ASSERTIONS = NO;
				ENABLE_STRICT_OBJC_MSGSEND = YES;
				GCC_C_LANGUAGE_STANDARD = gnu11;
				GCC_NO_COMMON_BLOCKS = YES;
				GCC_WARN_64_TO_32_BIT_CONVERSION = YES;
				GCC_WARN_ABOUT_RETURN_TYPE = YES_ERROR;
				GCC_WARN_UNDECLARED_SELECTOR = YES;
				GCC_WARN_UNINITIALIZED_AUTOS = YES_AGGRESSIVE;
				GCC_WARN_UNUSED_FUNCTION = YES;
				GCC_WARN_UNUSED_VARIABLE = YES;
				IPHONEOS_DEPLOYMENT_TARGET = 15.5;
				MTL_ENABLE_DEBUG_INFO = NO;
				MTL_FAST_MATH = YES;
				SDKROOT = iphoneos;
				SWIFT_COMPILATION_MODE = wholemodule;
				SWIFT_OPTIMIZATION_LEVEL = "-O";
				VALIDATE_PRODUCT = YES;
			};
			name = Release;
		};
		B108B7E728AC16F900089690 /* Debug */ = {
			isa = XCBuildConfiguration;
			buildSettings = {
				ASSETCATALOG_COMPILER_APPICON_NAME = AppIcon;
				ASSETCATALOG_COMPILER_GLOBAL_ACCENT_COLOR_NAME = AccentColor;
				CODE_SIGN_STYLE = Automatic;
				CURRENT_PROJECT_VERSION = 1;
				DEVELOPMENT_TEAM = B7V8KMVQ9A;
				GENERATE_INFOPLIST_FILE = YES;
				INFOPLIST_FILE = "E3 Final Project - 2ND Body/Info.plist";
				INFOPLIST_KEY_UIApplicationSupportsIndirectInputEvents = YES;
				INFOPLIST_KEY_UILaunchStoryboardName = LaunchScreen;
				INFOPLIST_KEY_UIMainStoryboardFile = Main;
				INFOPLIST_KEY_UISupportedInterfaceOrientations_iPad = "UIInterfaceOrientationPortrait UIInterfaceOrientationPortraitUpsideDown UIInterfaceOrientationLandscapeLeft UIInterfaceOrientationLandscapeRight";
				INFOPLIST_KEY_UISupportedInterfaceOrientations_iPhone = "UIInterfaceOrientationPortrait UIInterfaceOrientationLandscapeLeft UIInterfaceOrientationLandscapeRight";
				LD_RUNPATH_SEARCH_PATHS = (
					"$(inherited)",
					"@executable_path/Frameworks",
				);
				MARKETING_VERSION = 1.0;
				PRODUCT_BUNDLE_IDENTIFIER = "Srinithi.E3-Final-Project---2ND-Body";
				PRODUCT_NAME = "$(TARGET_NAME)";
				SWIFT_EMIT_LOC_STRINGS = YES;
				SWIFT_VERSION = 5.0;
				TARGETED_DEVICE_FAMILY = "1,2";
			};
			name = Debug;
		};
		B108B7E828AC16F900089690 /* Release */ = {
			isa = XCBuildConfiguration;
			buildSettings = {
				ASSETCATALOG_COMPILER_APPICON_NAME = AppIcon;
				ASSETCATALOG_COMPILER_GLOBAL_ACCENT_COLOR_NAME = AccentColor;
				CODE_SIGN_STYLE = Automatic;
				CURRENT_PROJECT_VERSION = 1;
				DEVELOPMENT_TEAM = B7V8KMVQ9A;
				GENERATE_INFOPLIST_FILE = YES;
				INFOPLIST_FILE = "E3 Final Project - 2ND Body/Info.plist";
				INFOPLIST_KEY_UIApplicationSupportsIndirectInputEvents = YES;
				INFOPLIST_KEY_UILaunchStoryboardName = LaunchScreen;
				INFOPLIST_KEY_UIMainStoryboardFile = Main;
				INFOPLIST_KEY_UISupportedInterfaceOrientations_iPad = "UIInterfaceOrientationPortrait UIInterfaceOrientationPortraitUpsideDown UIInterfaceOrientationLandscapeLeft UIInterfaceOrientationLandscapeRight";
				INFOPLIST_KEY_UISupportedInterfaceOrientations_iPhone = "UIInterfaceOrientationPortrait UIInterfaceOrientationLandscapeLeft UIInterfaceOrientationLandscapeRight";
				LD_RUNPATH_SEARCH_PATHS = (
					"$(inherited)",
					"@executable_path/Frameworks",
				);
				MARKETING_VERSION = 1.0;
				PRODUCT_BUNDLE_IDENTIFIER = "Srinithi.E3-Final-Project---2ND-Body";
				PRODUCT_NAME = "$(TARGET_NAME)";
				SWIFT_EMIT_LOC_STRINGS = YES;
				SWIFT_VERSION = 5.0;
				TARGETED_DEVICE_FAMILY = "1,2";
			};
			name = Release;
		};
/* End XCBuildConfiguration section */

/* Begin XCConfigurationList section */
		B108B7CA28AC16F700089690 /* Build configuration list for PBXProject "E3 Final Project - 2ND Body" */ = {
			isa = XCConfigurationList;
			buildConfigurations = (
				B108B7E428AC16F900089690 /* Debug */,
				B108B7E528AC16F900089690 /* Release */,
			);
			defaultConfigurationIsVisible = 0;
			defaultConfigurationName = Release;
		};
		B108B7E628AC16F900089690 /* Build configuration list for PBXNativeTarget "E3 Final Project - 2ND Body" */ = {
			isa = XCConfigurationList;
			buildConfigurations = (
				B108B7E728AC16F900089690 /* Debug */,
				B108B7E828AC16F900089690 /* Release */,
			);
			defaultConfigurationIsVisible = 0;
			defaultConfigurationName = Release;
		};
/* End XCConfigurationList section */

/* Begin XCVersionGroup section */
		B108B7DB28AC16F700089690 /* E3_Final_Project___2ND_Body.xcdatamodeld */ = {
			isa = XCVersionGroup;
			children = (
				B108B7DC28AC16F700089690 /* E3_Final_Project___2ND_Body.xcdatamodel */,
			);
			currentVersion = B108B7DC28AC16F700089690 /* E3_Final_Project___2ND_Body.xcdatamodel */;
			path = "E3_Final_Project___2ND_Body.xcdatamodeld";
			sourceTree = "<group>";
			versionGroupType = wrapper.xcdatamodel;
		};
/* End XCVersionGroup section */
	};
	rootObject = B108B7C728AC16F700089690 /* Project object */;
}
